
Microsoft Visual Studio Solution File, Format Version 12.00
# Visual Studio 15
VisualStudioVersion = 15.0.27703.2000
MinimumVisualStudioVersion = 10.0.40219.1
Project("{9A19103F-16F7-4668-BE54-9A1E7A4F7556}") = "SDPLib", "SDPLib\SDPLib.csproj", "{F61F3B89-11C9-4B79-8112-24781CE96494}"
EndProject
Project("{9A19103F-16F7-4668-BE54-9A1E7A4F7556}") = "TestSDPLib", "TestSDPLib\TestSDPLib.csproj", "{BB6B4023-D472-4CF5-8CAC-8F8DB57B85FB}"
EndProject
Global
	GlobalSection(SolutionConfigurationPlatforms) = preSolution
		Debug|Any CPU = Debug|Any CPU
		Release|Any CPU = Release|Any CPU
	EndGlobalSection
	GlobalSection(ProjectConfigurationPlatforms) = postSolution
		{F61F3B89-11C9-4B79-8112-24781CE96494}.Debug|Any CPU.ActiveCfg = Debug|Any CPU
		{F61F3B89-11C9-4B79-8112-24781CE96494}.Debug|Any CPU.Build.0 = Debug|Any CPU
		{F61F3B89-11C9-4B79-8112-24781CE96494}.Release|Any CPU.ActiveCfg = Release|Any CPU
		{F61F3B89-11C9-4B79-8112-24781CE96494}.Release|Any CPU.Build.0 = Release|Any CPU
		{BB6B4023-D472-4CF5-8CAC-8F8DB57B85FB}.Debug|Any CPU.ActiveCfg = Debug|Any CPU
		{BB6B4023-D472-4CF5-8CAC-8F8DB57B85FB}.Debug|Any CPU.Build.0 = Debug|Any CPU
		{BB6B4023-D472-4CF5-8CAC-8F8DB57B85FB}.Release|Any CPU.ActiveCfg = Release|Any CPU
		{BB6B4023-D472-4CF5-8CAC-8F8DB57B85FB}.Release|Any CPU.Build.0 = Release|Any CPU
	EndGlobalSection
	GlobalSection(SolutionProperties) = preSolution
		HideSolutionNode = FALSE
	EndGlobalSection
	GlobalSection(ExtensibilityGlobals) = postSolution
		SolutionGuid = {569E24E3-57E4-4BE7-8D78-95C459A65CF4}
	EndGlobalSection
EndGlobal
